
Microsoft Visual Studio Solution File, Format Version 12.00
# Visual Studio Version 16
VisualStudioVersion = 16.0.29905.134
MinimumVisualStudioVersion = 10.0.40219.1
Project("{FAE04EC0-301F-11D3-BF4B-00C04F79EFBC}") = "ConsoleApp5", "ConsoleApp5\ConsoleApp5.csproj", "{43B9537C-64A0-4C53-A667-BE5B7EA6B344}"
EndProject
Global
	GlobalSection(SolutionConfigurationPlatforms) = preSolution
		Debug|Any CPU = Debug|Any CPU
		Release|Any CPU = Release|Any CPU
	EndGlobalSection
	GlobalSection(ProjectConfigurationPlatforms) = postSolution
		{43B9537C-64A0-4C53-A667-BE5B7EA6B344}.Debug|Any CPU.ActiveCfg = Debug|Any CPU
		{43B9537C-64A0-4C53-A667-BE5B7EA6B344}.Debug|Any CPU.Build.0 = Debug|Any CPU
		{43B9537C-64A0-4C53-A667-BE5B7EA6B344}.Release|Any CPU.ActiveCfg = Release|Any CPU
		{43B9537C-64A0-4C53-A667-BE5B7EA6B344}.Release|Any CPU.Build.0 = Release|Any CPU
	EndGlobalSection
	GlobalSection(SolutionProperties) = preSolution
		HideSolutionNode = FALSE
	EndGlobalSection
	GlobalSection(ExtensibilityGlobals) = postSolution
		SolutionGuid = {8E858489-ABFB-4833-915B-6772B7440D44}
	EndGlobalSection
EndGlobal
